
Microsoft Visual Studio Solution File, Format Version 12.00
# Visual Studio Version 16
VisualStudioVersion = 16.0.28729.10
MinimumVisualStudioVersion = 10.0.40219.1
Project("{9A19103F-16F7-4668-BE54-9A1E7A4F7556}") = "ShoppingCartApi", "ShoppingCartApi\ShoppingCartApi.csproj", "{D2810778-B15A-4327-B6B1-B1189992666B}"
EndProject
Project("{9A19103F-16F7-4668-BE54-9A1E7A4F7556}") = "ShoppingCartApi.Tests", "ShoppingCartApi.Tests\ShoppingCartApi.Tests.csproj", "{9CF6768A-453D-406D-86FC-C13D6CEEC1DA}"
EndProject
Project("{9A19103F-16F7-4668-BE54-9A1E7A4F7556}") = "ShoppingCartApi.IntegrationTests", "ShoppingCartApi.IntegrationTests\ShoppingCartApi.IntegrationTests.csproj", "{E2F79D0E-1214-43E0-9904-59A22256088D}"
EndProject
Project("{9A19103F-16F7-4668-BE54-9A1E7A4F7556}") = "ShoppingCartHandlers", "ShoppingCartHandlers\ShoppingCartHandlers.csproj", "{26D644C6-E21C-4476-989B-2019CE6E07F3}"
EndProject
Project("{9A19103F-16F7-4668-BE54-9A1E7A4F7556}") = "ShoppingCartHandlers.Tests", "ShoppingCartHandlers.Tests\ShoppingCartHandlers.Tests.csproj", "{ED5F72CC-965E-4A2D-8CC8-9340C4BC98AB}"
EndProject
Project("{9A19103F-16F7-4668-BE54-9A1E7A4F7556}") = "ShoppingCartSharedKernel", "ShoppingCartSharedKernel\ShoppingCartSharedKernel.csproj", "{F150A14B-E3A2-462C-B9E5-8EA36EDF9D7E}"
EndProject
Project("{9A19103F-16F7-4668-BE54-9A1E7A4F7556}") = "ShoppingCartEvents", "ShoppingCartEvents\ShoppingCartEvents.csproj", "{843DDEAA-E9BC-48EF-B7F4-59C385721E51}"
EndProject
Project("{9A19103F-16F7-4668-BE54-9A1E7A4F7556}") = "ShoppingCartReader", "ShoppingCartReader\ShoppingCartReader.csproj", "{1454F5BE-3604-44BD-B251-D54AD4911032}"
EndProject
Global
	GlobalSection(SolutionConfigurationPlatforms) = preSolution
		Debug|Any CPU = Debug|Any CPU
		Release|Any CPU = Release|Any CPU
	EndGlobalSection
	GlobalSection(ProjectConfigurationPlatforms) = postSolution
		{D2810778-B15A-4327-B6B1-B1189992666B}.Debug|Any CPU.ActiveCfg = Debug|Any CPU
		{D2810778-B15A-4327-B6B1-B1189992666B}.Debug|Any CPU.Build.0 = Debug|Any CPU
		{D2810778-B15A-4327-B6B1-B1189992666B}.Release|Any CPU.ActiveCfg = Release|Any CPU
		{D2810778-B15A-4327-B6B1-B1189992666B}.Release|Any CPU.Build.0 = Release|Any CPU
		{9CF6768A-453D-406D-86FC-C13D6CEEC1DA}.Debug|Any CPU.ActiveCfg = Debug|Any CPU
		{9CF6768A-453D-406D-86FC-C13D6CEEC1DA}.Debug|Any CPU.Build.0 = Debug|Any CPU
		{9CF6768A-453D-406D-86FC-C13D6CEEC1DA}.Release|Any CPU.ActiveCfg = Release|Any CPU
		{9CF6768A-453D-406D-86FC-C13D6CEEC1DA}.Release|Any CPU.Build.0 = Release|Any CPU
		{E2F79D0E-1214-43E0-9904-59A22256088D}.Debug|Any CPU.ActiveCfg = Debug|Any CPU
		{E2F79D0E-1214-43E0-9904-59A22256088D}.Debug|Any CPU.Build.0 = Debug|Any CPU
		{E2F79D0E-1214-43E0-9904-59A22256088D}.Release|Any CPU.ActiveCfg = Release|Any CPU
		{E2F79D0E-1214-43E0-9904-59A22256088D}.Release|Any CPU.Build.0 = Release|Any CPU
		{26D644C6-E21C-4476-989B-2019CE6E07F3}.Debug|Any CPU.ActiveCfg = Debug|Any CPU
		{26D644C6-E21C-4476-989B-2019CE6E07F3}.Debug|Any CPU.Build.0 = Debug|Any CPU
		{26D644C6-E21C-4476-989B-2019CE6E07F3}.Release|Any CPU.ActiveCfg = Release|Any CPU
		{26D644C6-E21C-4476-989B-2019CE6E07F3}.Release|Any CPU.Build.0 = Release|Any CPU
		{ED5F72CC-965E-4A2D-8CC8-9340C4BC98AB}.Debug|Any CPU.ActiveCfg = Debug|Any CPU
		{ED5F72CC-965E-4A2D-8CC8-9340C4BC98AB}.Debug|Any CPU.Build.0 = Debug|Any CPU
		{ED5F72CC-965E-4A2D-8CC8-9340C4BC98AB}.Release|Any CPU.ActiveCfg = Release|Any CPU
		{ED5F72CC-965E-4A2D-8CC8-9340C4BC98AB}.Release|Any CPU.Build.0 = Release|Any CPU
		{F150A14B-E3A2-462C-B9E5-8EA36EDF9D7E}.Debug|Any CPU.ActiveCfg = Debug|Any CPU
		{F150A14B-E3A2-462C-B9E5-8EA36EDF9D7E}.Debug|Any CPU.Build.0 = Debug|Any CPU
		{F150A14B-E3A2-462C-B9E5-8EA36EDF9D7E}.Release|Any CPU.ActiveCfg = Release|Any CPU
		{F150A14B-E3A2-462C-B9E5-8EA36EDF9D7E}.Release|Any CPU.Build.0 = Release|Any CPU
		{843DDEAA-E9BC-48EF-B7F4-59C385721E51}.Debug|Any CPU.ActiveCfg = Debug|Any CPU
		{843DDEAA-E9BC-48EF-B7F4-59C385721E51}.Debug|Any CPU.Build.0 = Debug|Any CPU
		{843DDEAA-E9BC-48EF-B7F4-59C385721E51}.Release|Any CPU.ActiveCfg = Release|Any CPU
		{843DDEAA-E9BC-48EF-B7F4-59C385721E51}.Release|Any CPU.Build.0 = Release|Any CPU
		{1454F5BE-3604-44BD-B251-D54AD4911032}.Debug|Any CPU.ActiveCfg = Debug|Any CPU
		{1454F5BE-3604-44BD-B251-D54AD4911032}.Debug|Any CPU.Build.0 = Debug|Any CPU
		{1454F5BE-3604-44BD-B251-D54AD4911032}.Release|Any CPU.ActiveCfg = Release|Any CPU
		{1454F5BE-3604-44BD-B251-D54AD4911032}.Release|Any CPU.Build.0 = Release|Any CPU
	EndGlobalSection
	GlobalSection(SolutionProperties) = preSolution
		HideSolutionNode = FALSE
	EndGlobalSection
	GlobalSection(ExtensibilityGlobals) = postSolution
		SolutionGuid = {7FF4C2E5-C72E-49FC-B7FF-EEDD66989CDA}
	EndGlobalSection
EndGlobal
